// !$*UTF8*$!
{
	archiveVersion = 1;
	classes = {
	};
	objectVersion = 46;
	objects = {

/* Begin PBXBuildFile section */
		87F10B5B1D12420A002EF0BC /* AppDelegate.swift in Sources */ = {isa = PBXBuildFile; fileRef = 87F10B5A1D12420A002EF0BC /* AppDelegate.swift */; };
		87F10B5D1D12420A002EF0BC /* ViewController.swift in Sources */ = {isa = PBXBuildFile; fileRef = 87F10B5C1D12420A002EF0BC /* ViewController.swift */; };
		87F10B601D12420A002EF0BC /* Main.storyboard in Resources */ = {isa = PBXBuildFile; fileRef = 87F10B5E1D12420A002EF0BC /* Main.storyboard */; };
		87F10B621D12420A002EF0BC /* Assets.xcassets in Resources */ = {isa = PBXBuildFile; fileRef = 87F10B611D12420A002EF0BC /* Assets.xcassets */; };
		87F10B651D12420A002EF0BC /* LaunchScreen.storyboard in Resources */ = {isa = PBXBuildFile; fileRef = 87F10B631D12420A002EF0BC /* LaunchScreen.storyboard */; };
		87F10B701D12420A002EF0BC /* MyHoodTests.swift in Sources */ = {isa = PBXBuildFile; fileRef = 87F10B6F1D12420A002EF0BC /* MyHoodTests.swift */; };
		87F10B7B1D12420A002EF0BC /* MyHoodUITests.swift in Sources */ = {isa = PBXBuildFile; fileRef = 87F10B7A1D12420A002EF0BC /* MyHoodUITests.swift */; };
/* End PBXBuildFile section */

/* Begin PBXContainerItemProxy section */
		87F10B6C1D12420A002EF0BC /* PBXContainerItemProxy */ = {
			isa = PBXContainerItemProxy;
			containerPortal = 87F10B4F1D12420A002EF0BC /* Project object */;
			proxyType = 1;
			remoteGlobalIDString = 87F10B561D12420A002EF0BC;
			remoteInfo = MyHood;
		};
		87F10B771D12420A002EF0BC /* PBXContainerItemProxy */ = {
			isa = PBXContainerItemProxy;
			containerPortal = 87F10B4F1D12420A002EF0BC /* Project object */;
			proxyType = 1;
			remoteGlobalIDString = 87F10B561D12420A002EF0BC;
			remoteInfo = MyHood;
		};
/* End PBXContainerItemProxy section */

/* Begin PBXFileReference section */
		87F10B571D12420A002EF0BC /* MyHood.app */ = {isa = PBXFileReference; explicitFileType = wrapper.application; includeInIndex = 0; path = MyHood.app; sourceTree = BUILT_PRODUCTS_DIR; };
		87F10B5A1D12420A002EF0BC /* AppDelegate.swift */ = {isa = PBXFileReference; lastKnownFileType = sourcecode.swift; path = AppDelegate.swift; sourceTree = "<group>"; };
		87F10B5C1D12420A002EF0BC /* ViewController.swift */ = {isa = PBXFileReference; lastKnownFileType = sourcecode.swift; path = ViewController.swift; sourceTree = "<group>"; };
		87F10B5F1D12420A002EF0BC /* Base */ = {isa = PBXFileReference; lastKnownFileType = file.storyboard; name = Base; path = Base.lproj/Main.storyboard; sourceTree = "<group>"; };
		87F10B611D12420A002EF0BC /* Assets.xcassets */ = {isa = PBXFileReference; lastKnownFileType = folder.assetcatalog; path = Assets.xcassets; sourceTree = "<group>"; };
		87F10B641D12420A002EF0BC /* Base */ = {isa = PBXFileReference; lastKnownFileType = file.storyboard; name = Base; path = Base.lproj/LaunchScreen.storyboard; sourceTree = "<group>"; };
		87F10B661D12420A002EF0BC /* Info.plist */ = {isa = PBXFileReference; lastKnownFileType = text.plist.xml; path = Info.plist; sourceTree = "<group>"; };
		87F10B6B1D12420A002EF0BC /* MyHoodTests.xctest */ = {isa = PBXFileReference; explicitFileType = wrapper.cfbundle; includeInIndex = 0; path = MyHoodTests.xctest; sourceTree = BUILT_PRODUCTS_DIR; };
		87F10B6F1D12420A002EF0BC /* MyHoodTests.swift */ = {isa = PBXFileReference; lastKnownFileType = sourcecode.swift; path = MyHoodTests.swift; sourceTree = "<group>"; };
		87F10B711D12420A002EF0BC /* Info.plist */ = {isa = PBXFileReference; lastKnownFileType = text.plist.xml; path = Info.plist; sourceTree = "<group>"; };
		87F10B761D12420A002EF0BC /* MyHoodUITests.xctest */ = {isa = PBXFileReference; explicitFileType = wrapper.cfbundle; includeInIndex = 0; path = MyHoodUITests.xctest; sourceTree = BUILT_PRODUCTS_DIR; };
		87F10B7A1D12420A002EF0BC /* MyHoodUITests.swift */ = {isa = PBXFileReference; lastKnownFileType = sourcecode.swift; path = MyHoodUITests.swift; sourceTree = "<group>"; };
		87F10B7C1D12420A002EF0BC /* Info.plist */ = {isa = PBXFileReference; lastKnownFileType = text.plist.xml; path = Info.plist; sourceTree = "<group>"; };
/* End PBXFileReference section */

/* Begin PBXFrameworksBuildPhase section */
		87F10B541D12420A002EF0BC /* Frameworks */ = {
			isa = PBXFrameworksBuildPhase;
			buildActionMask = 2147483647;
			files = (
			);
			runOnlyForDeploymentPostprocessing = 0;
		};
		87F10B681D12420A002EF0BC /* Frameworks */ = {
			isa = PBXFrameworksBuildPhase;
			buildActionMask = 2147483647;
			files = (
			);
			runOnlyForDeploymentPostprocessing = 0;
		};
		87F10B731D12420A002EF0BC /* Frameworks */ = {
			isa = PBXFrameworksBuildPhase;
			buildActionMask = 2147483647;
			files = (
			);
			runOnlyForDeploymentPostprocessing = 0;
		};
/* End PBXFrameworksBuildPhase section */

/* Begin PBXGroup section */
		87F10B4E1D12420A002EF0BC = {
			isa = PBXGroup;
			children = (
				87F10B591D12420A002EF0BC /* MyHood */,
				87F10B6E1D12420A002EF0BC /* MyHoodTests */,
				87F10B791D12420A002EF0BC /* MyHoodUITests */,
				87F10B581D12420A002EF0BC /* Products */,
			);
			sourceTree = "<group>";
		};
		87F10B581D12420A002EF0BC /* Products */ = {
			isa = PBXGroup;
			children = (
				87F10B571D12420A002EF0BC /* MyHood.app */,
				87F10B6B1D12420A002EF0BC /* MyHoodTests.xctest */,
				87F10B761D12420A002EF0BC /* MyHoodUITests.xctest */,
			);
			name = Products;
			sourceTree = "<group>";
		};
		87F10B591D12420A002EF0BC /* MyHood */ = {
			isa = PBXGroup;
			children = (
				87F10B5A1D12420A002EF0BC /* AppDelegate.swift */,
				87F10B5C1D12420A002EF0BC /* ViewController.swift */,
				87F10B5E1D12420A002EF0BC /* Main.storyboard */,
				87F10B611D12420A002EF0BC /* Assets.xcassets */,
				87F10B631D12420A002EF0BC /* LaunchScreen.storyboard */,
				87F10B661D12420A002EF0BC /* Info.plist */,
			);
			path = MyHood;
			sourceTree = "<group>";
		};
		87F10B6E1D12420A002EF0BC /* MyHoodTests */ = {
			isa = PBXGroup;
			children = (
				87F10B6F1D12420A002EF0BC /* MyHoodTests.swift */,
				87F10B711D12420A002EF0BC /* Info.plist */,
			);
			path = MyHoodTests;
			sourceTree = "<group>";
		};
		87F10B791D12420A002EF0BC /* MyHoodUITests */ = {
			isa = PBXGroup;
			children = (
				87F10B7A1D12420A002EF0BC /* MyHoodUITests.swift */,
				87F10B7C1D12420A002EF0BC /* Info.plist */,
			);
			path = MyHoodUITests;
			sourceTree = "<group>";
		};
/* End PBXGroup section */

/* Begin PBXNativeTarget section */
		87F10B561D12420A002EF0BC /* MyHood */ = {
			isa = PBXNativeTarget;
			buildConfigurationList = 87F10B7F1D12420A002EF0BC /* Build configuration list for PBXNativeTarget "MyHood" */;
			buildPhases = (
				87F10B531D12420A002EF0BC /* Sources */,
				87F10B541D12420A002EF0BC /* Frameworks */,
				87F10B551D12420A002EF0BC /* Resources */,
			);
			buildRules = (
			);
			dependencies = (
			);
			name = MyHood;
			productName = MyHood;
			productReference = 87F10B571D12420A002EF0BC /* MyHood.app */;
			productType = "com.apple.product-type.application";
		};
		87F10B6A1D12420A002EF0BC /* MyHoodTests */ = {
			isa = PBXNativeTarget;
			buildConfigurationList = 87F10B821D12420A002EF0BC /* Build configuration list for PBXNativeTarget "MyHoodTests" */;
			buildPhases = (
				87F10B671D12420A002EF0BC /* Sources */,
				87F10B681D12420A002EF0BC /* Frameworks */,
				87F10B691D12420A002EF0BC /* Resources */,
			);
			buildRules = (
			);
			dependencies = (
				87F10B6D1D12420A002EF0BC /* PBXTargetDependency */,
			);
			name = MyHoodTests;
			productName = MyHoodTests;
			productReference = 87F10B6B1D12420A002EF0BC /* MyHoodTests.xctest */;
			productType = "com.apple.product-type.bundle.unit-test";
		};
		87F10B751D12420A002EF0BC /* MyHoodUITests */ = {
			isa = PBXNativeTarget;
			buildConfigurationList = 87F10B851D12420A002EF0BC /* Build configuration list for PBXNativeTarget "MyHoodUITests" */;
			buildPhases = (
				87F10B721D12420A002EF0BC /* Sources */,
				87F10B731D12420A002EF0BC /* Frameworks */,
				87F10B741D12420A002EF0BC /* Resources */,
			);
			buildRules = (
			);
			dependencies = (
				87F10B781D12420A002EF0BC /* PBXTargetDependency */,
			);
			name = MyHoodUITests;
			productName = MyHoodUITests;
			productReference = 87F10B761D12420A002EF0BC /* MyHoodUITests.xctest */;
			productType = "com.apple.product-type.bundle.ui-testing";
		};
/* End PBXNativeTarget section */

/* Begin PBXProject section */
		87F10B4F1D12420A002EF0BC /* Project object */ = {
			isa = PBXProject;
			attributes = {
				LastSwiftUpdateCheck = 0730;
				LastUpgradeCheck = 0730;
				ORGANIZATIONNAME = "Dominik Sadowski";
				TargetAttributes = {
					87F10B561D12420A002EF0BC = {
						CreatedOnToolsVersion = 7.3;
						DevelopmentTeam = S2TC7J64A5;
					};
					87F10B6A1D12420A002EF0BC = {
						CreatedOnToolsVersion = 7.3;
						DevelopmentTeam = S2TC7J64A5;
						TestTargetID = 87F10B561D12420A002EF0BC;
					};
					87F10B751D12420A002EF0BC = {
						CreatedOnToolsVersion = 7.3;
						DevelopmentTeam = S2TC7J64A5;
						TestTargetID = 87F10B561D12420A002EF0BC;
					};
				};
			};
			buildConfigurationList = 87F10B521D12420A002EF0BC /* Build configuration list for PBXProject "MyHood" */;
			compatibilityVersion = "Xcode 3.2";
			developmentRegion = English;
			hasScannedForEncodings = 0;
			knownRegions = (
				en,
				Base,
			);
			mainGroup = 87F10B4E1D12420A002EF0BC;
			productRefGroup = 87F10B581D12420A002EF0BC /* Products */;
			projectDirPath = "";
			projectRoot = "";
			targets = (
				87F10B561D12420A002EF0BC /* MyHood */,
				87F10B6A1D12420A002EF0BC /* MyHoodTests */,
				87F10B751D12420A002EF0BC /* MyHoodUITests */,
			);
		};
/* End PBXProject section */

/* Begin PBXResourcesBuildPhase section */
		87F10B551D12420A002EF0BC /* Resources */ = {
			isa = PBXResourcesBuildPhase;
			buildActionMask = 2147483647;
			files = (
				87F10B651D12420A002EF0BC /* LaunchScreen.storyboard in Resources */,
				87F10B621D12420A002EF0BC /* Assets.xcassets in Resources */,
				87F10B601D12420A002EF0BC /* Main.storyboard in Resources */,
			);
			runOnlyForDeploymentPostprocessing = 0;
		};
		87F10B691D12420A002EF0BC /* Resources */ = {
			isa = PBXResourcesBuildPhase;
			buildActionMask = 2147483647;
			files = (
			);
			runOnlyForDeploymentPostprocessing = 0;
		};
		87F10B741D12420A002EF0BC /* Resources */ = {
			isa = PBXResourcesBuildPhase;
			buildActionMask = 2147483647;
			files = (
			);
			runOnlyForDeploymentPostprocessing = 0;
		};
/* End PBXResourcesBuildPhase section */

/* Begin PBXSourcesBuildPhase section */
		87F10B531D12420A002EF0BC /* Sources */ = {
			isa = PBXSourcesBuildPhase;
			buildActionMask = 2147483647;
			files = (
				87F10B5D1D12420A002EF0BC /* ViewController.swift in Sources */,
				87F10B5B1D12420A002EF0BC /* AppDelegate.swift in Sources */,
			);
			runOnlyForDeploymentPostprocessing = 0;
		};
		87F10B671D12420A002EF0BC /* Sources */ = {
			isa = PBXSourcesBuildPhase;
			buildActionMask = 2147483647;
			files = (
				87F10B701D12420A002EF0BC /* MyHoodTests.swift in Sources */,
			);
			runOnlyForDeploymentPostprocessing = 0;
		};
		87F10B721D12420A002EF0BC /* Sources */ = {
			isa = PBXSourcesBuildPhase;
			buildActionMask = 2147483647;
			files = (
				87F10B7B1D12420A002EF0BC /* MyHoodUITests.swift in Sources */,
			);
			runOnlyForDeploymentPostprocessing = 0;
		};
/* End PBXSourcesBuildPhase section */

/* Begin PBXTargetDependency section */
		87F10B6D1D12420A002EF0BC /* PBXTargetDependency */ = {
			isa = PBXTargetDependency;
			target = 87F10B561D12420A002EF0BC /* MyHood */;
			targetProxy = 87F10B6C1D12420A002EF0BC /* PBXContainerItemProxy */;
		};
		87F10B781D12420A002EF0BC /* PBXTargetDependency */ = {
			isa = PBXTargetDependency;
			target = 87F10B561D12420A002EF0BC /* MyHood */;
			targetProxy = 87F10B771D12420A002EF0BC /* PBXContainerItemProxy */;
		};
/* End PBXTargetDependency section */

/* Begin PBXVariantGroup section */
		87F10B5E1D12420A002EF0BC /* Main.storyboard */ = {
			isa = PBXVariantGroup;
			children = (
				87F10B5F1D12420A002EF0BC /* Base */,
			);
			name = Main.storyboard;
			sourceTree = "<group>";
		};
		87F10B631D12420A002EF0BC /* LaunchScreen.storyboard */ = {
			isa = PBXVariantGroup;
			children = (
				87F10B641D12420A002EF0BC /* Base */,
			);
			name = LaunchScreen.storyboard;
			sourceTree = "<group>";
		};
/* End PBXVariantGroup section */

/* Begin XCBuildConfiguration section */
		87F10B7D1D12420A002EF0BC /* Debug */ = {
			isa = XCBuildConfiguration;
			buildSettings = {
				ALWAYS_SEARCH_USER_PATHS = NO;
				CLANG_ANALYZER_NONNULL = YES;
				CLANG_CXX_LANGUAGE_STANDARD = "gnu++0x";
				CLANG_CXX_LIBRARY = "libc++";
				CLANG_ENABLE_MODULES = YES;
				CLANG_ENABLE_OBJC_ARC = YES;
				CLANG_WARN_BOOL_CONVERSION = YES;
				CLANG_WARN_CONSTANT_CONVERSION = YES;
				CLANG_WARN_DIRECT_OBJC_ISA_USAGE = YES_ERROR;
				CLANG_WARN_EMPTY_BODY = YES;
				CLANG_WARN_ENUM_CONVERSION = YES;
				CLANG_WARN_INT_CONVERSION = YES;
				CLANG_WARN_OBJC_ROOT_CLASS = YES_ERROR;
				CLANG_WARN_UNREACHABLE_CODE = YES;
				CLANG_WARN__DUPLICATE_METHOD_MATCH = YES;
				"CODE_SIGN_IDENTITY[sdk=iphoneos*]" = "iPhone Developer";
				COPY_PHASE_STRIP = NO;
				DEBUG_INFORMATION_FORMAT = dwarf;
				ENABLE_STRICT_OBJC_MSGSEND = YES;
				ENABLE_TESTABILITY = YES;
				GCC_C_LANGUAGE_STANDARD = gnu99;
				GCC_DYNAMIC_NO_PIC = NO;
				GCC_NO_COMMON_BLOCKS = YES;
				GCC_OPTIMIZATION_LEVEL = 0;
				GCC_PREPROCESSOR_DEFINITIONS = (
					"DEBUG=1",
					"$(inherited)",
				);
				GCC_WARN_64_TO_32_BIT_CONVERSION = YES;
				GCC_WARN_ABOUT_RETURN_TYPE = YES_ERROR;
				GCC_WARN_UNDECLARED_SELECTOR = YES;
				GCC_WARN_UNINITIALIZED_AUTOS = YES_AGGRESSIVE;
				GCC_WARN_UNUSED_FUNCTION = YES;
				GCC_WARN_UNUSED_VARIABLE = YES;
				IPHONEOS_DEPLOYMENT_TARGET = 9.3;
				MTL_ENABLE_DEBUG_INFO = YES;
				ONLY_ACTIVE_ARCH = YES;
				SDKROOT = iphoneos;
				SWIFT_OPTIMIZATION_LEVEL = "-Onone";
				TARGETED_DEVICE_FAMILY = "1,2";
			};
			name = Debug;
		};
		87F10B7E1D12420A002EF0BC /* Release */ = {
			isa = XCBuildConfiguration;
			buildSettings = {
				ALWAYS_SEARCH_USER_PATHS = NO;
				CLANG_ANALYZER_NONNULL = YES;
				CLANG_CXX_LANGUAGE_STANDARD = "gnu++0x";
				CLANG_CXX_LIBRARY = "libc++";
				CLANG_ENABLE_MODULES = YES;
				CLANG_ENABLE_OBJC_ARC = YES;
				CLANG_WARN_BOOL_CONVERSION = YES;
				CLANG_WARN_CONSTANT_CONVERSION = YES;
				CLANG_WARN_DIRECT_OBJC_ISA_USAGE = YES_ERROR;
				CLANG_WARN_EMPTY_BODY = YES;
				CLANG_WARN_ENUM_CONVERSION = YES;
				CLANG_WARN_INT_CONVERSION = YES;
				CLANG_WARN_OBJC_ROOT_CLASS = YES_ERROR;
				CLANG_WARN_UNREACHABLE_CODE = YES;
				CLANG_WARN__DUPLICATE_METHOD_MATCH = YES;
				"CODE_SIGN_IDENTITY[sdk=iphoneos*]" = "iPhone Developer";
				COPY_PHASE_STRIP = NO;
				DEBUG_INFORMATION_FORMAT = "dwarf-with-dsym";
				ENABLE_NS_ASSERTIONS = NO;
				ENABLE_STRICT_OBJC_MSGSEND = YES;
				GCC_C_LANGUAGE_STANDARD = gnu99;
				GCC_NO_COMMON_BLOCKS = YES;
				GCC_WARN_64_TO_32_BIT_CONVERSION = YES;
				GCC_WARN_ABOUT_RETURN_TYPE = YES_ERROR;
				GCC_WARN_UNDECLARED_SELECTOR = YES;
				GCC_WARN_UNINITIALIZED_AUTOS = YES_AGGRESSIVE;
				GCC_WARN_UNUSED_FUNCTION = YES;
				GCC_WARN_UNUSED_VARIABLE = YES;
				IPHONEOS_DEPLOYMENT_TARGET = 9.3;
				MTL_ENABLE_DEBUG_INFO = NO;
				SDKROOT = iphoneos;
				TARGETED_DEVICE_FAMILY = "1,2";
				VALIDATE_PRODUCT = YES;
			};
			name = Release;
		};
		87F10B801D12420A002EF0BC /* Debug */ = {
			isa = XCBuildConfiguration;
			buildSettings = {
				ASSETCATALOG_COMPILER_APPICON_NAME = AppIcon;
				INFOPLIST_FILE = MyHood/Info.plist;
				LD_RUNPATH_SEARCH_PATHS = "$(inherited) @executable_path/Frameworks";
				PRODUCT_BUNDLE_IDENTIFIER = com.AOJI.MyHood;
				PRODUCT_NAME = "$(TARGET_NAME)";
			};
			name = Debug;
		};
		87F10B811D12420A002EF0BC /* Release */ = {
			isa = XCBuildConfiguration;
			buildSettings = {
				ASSETCATALOG_COMPILER_APPICON_NAME = AppIcon;
				INFOPLIST_FILE = MyHood/Info.plist;
				LD_RUNPATH_SEARCH_PATHS = "$(inherited) @executable_path/Frameworks";
				PRODUCT_BUNDLE_IDENTIFIER = com.AOJI.MyHood;
				PRODUCT_NAME = "$(TARGET_NAME)";
			};
			name = Release;
		};
		87F10B831D12420A002EF0BC /* Debug */ = {
			isa = XCBuildConfiguration;
			buildSettings = {
				BUNDLE_LOADER = "$(TEST_HOST)";
				INFOPLIST_FILE = MyHoodTests/Info.plist;
				LD_RUNPATH_SEARCH_PATHS = "$(inherited) @executable_path/Frameworks @loader_path/Frameworks";
				PRODUCT_BUNDLE_IDENTIFIER = com.AOJI.MyHoodTests;
				PRODUCT_NAME = "$(TARGET_NAME)";
				TEST_HOST = "$(BUILT_PRODUCTS_DIR)/MyHood.app/MyHood";
			};
			name = Debug;
		};
		87F10B841D12420A002EF0BC /* Release */ = {
			isa = XCBuildConfiguration;
			buildSettings = {
				BUNDLE_LOADER = "$(TEST_HOST)";
				INFOPLIST_FILE = MyHoodTests/Info.plist;
				LD_RUNPATH_SEARCH_PATHS = "$(inherited) @executable_path/Frameworks @loader_path/Frameworks";
				PRODUCT_BUNDLE_IDENTIFIER = com.AOJI.MyHoodTests;
				PRODUCT_NAME = "$(TARGET_NAME)";
				TEST_HOST = "$(BUILT_PRODUCTS_DIR)/MyHood.app/MyHood";
			};
			name = Release;
		};
		87F10B861D12420A002EF0BC /* Debug */ = {
			isa = XCBuildConfiguration;
			buildSettings = {
				INFOPLIST_FILE = MyHoodUITests/Info.plist;
				LD_RUNPATH_SEARCH_PATHS = "$(inherited) @executable_path/Frameworks @loader_path/Frameworks";
				PRODUCT_BUNDLE_IDENTIFIER = com.AOJI.MyHoodUITests;
				PRODUCT_NAME = "$(TARGET_NAME)";
				TEST_TARGET_NAME = MyHood;
			};
			name = Debug;
		};
		87F10B871D12420A002EF0BC /* Release */ = {
			isa = XCBuildConfiguration;
			buildSettings = {
				INFOPLIST_FILE = MyHoodUITests/Info.plist;
				LD_RUNPATH_SEARCH_PATHS = "$(inherited) @executable_path/Frameworks @loader_path/Frameworks";
				PRODUCT_BUNDLE_IDENTIFIER = com.AOJI.MyHoodUITests;
				PRODUCT_NAME = "$(TARGET_NAME)";
				TEST_TARGET_NAME = MyHood;
			};
			name = Release;
		};
/* End XCBuildConfiguration section */

/* Begin XCConfigurationList section */
		87F10B521D12420A002EF0BC /* Build configuration list for PBXProject "MyHood" */ = {
			isa = XCConfigurationList;
			buildConfigurations = (
				87F10B7D1D12420A002EF0BC /* Debug */,
				87F10B7E1D12420A002EF0BC /* Release */,
			);
			defaultConfigurationIsVisible = 0;
			defaultConfigurationName = Release;
		};
		87F10B7F1D12420A002EF0BC /* Build configuration list for PBXNativeTarget "MyHood" */ = {
			isa = XCConfigurationList;
			buildConfigurations = (
				87F10B801D12420A002EF0BC /* Debug */,
				87F10B811D12420A002EF0BC /* Release */,
			);
			defaultConfigurationIsVisible = 0;
		};
		87F10B821D12420A002EF0BC /* Build configuration list for PBXNativeTarget "MyHoodTests" */ = {
			isa = XCConfigurationList;
			buildConfigurations = (
				87F10B831D12420A002EF0BC /* Debug */,
				87F10B841D12420A002EF0BC /* Release */,
			);
			defaultConfigurationIsVisible = 0;
		};
		87F10B851D12420A002EF0BC /* Build configuration list for PBXNativeTarget "MyHoodUITests" */ = {
			isa = XCConfigurationList;
			buildConfigurations = (
				87F10B861D12420A002EF0BC /* Debug */,
				87F10B871D12420A002EF0BC /* Release */,
			);
			defaultConfigurationIsVisible = 0;
		};
/* End XCConfigurationList section */
	};
	rootObject = 87F10B4F1D12420A002EF0BC /* Project object */;
}
